
Microsoft Visual Studio Solution File, Format Version 12.00
# Visual Studio Version 16
VisualStudioVersion = 16.0.30503.244
MinimumVisualStudioVersion = 10.0.40219.1
Project("{FAE04EC0-301F-11D3-BF4B-00C04F79EFBC}") = "SozlukSitesi.Admin", "SozlukSitesi.Admin\SozlukSitesi.Admin.csproj", "{BFB8BDE3-8EA6-46A2-9939-609B532AEBB4}"
EndProject
Project("{FAE04EC0-301F-11D3-BF4B-00C04F79EFBC}") = "SozlukSitesi.Data", "SozlukSitesi.Data\SozlukSitesi.Data.csproj", "{31300318-4C70-44DA-97F3-F2E22FD9EF6B}"
EndProject
Project("{FAE04EC0-301F-11D3-BF4B-00C04F79EFBC}") = "SozlukSitesi.Core", "SozlukSitesi.Core\SozlukSitesi.Core.csproj", "{2D12A329-27F5-459C-9C88-6309CF376BE4}"
EndProject
Global
	GlobalSection(SolutionConfigurationPlatforms) = preSolution
		Debug|Any CPU = Debug|Any CPU
		Release|Any CPU = Release|Any CPU
	EndGlobalSection
	GlobalSection(ProjectConfigurationPlatforms) = postSolution
		{BFB8BDE3-8EA6-46A2-9939-609B532AEBB4}.Debug|Any CPU.ActiveCfg = Debug|Any CPU
		{BFB8BDE3-8EA6-46A2-9939-609B532AEBB4}.Debug|Any CPU.Build.0 = Debug|Any CPU
		{BFB8BDE3-8EA6-46A2-9939-609B532AEBB4}.Release|Any CPU.ActiveCfg = Release|Any CPU
		{BFB8BDE3-8EA6-46A2-9939-609B532AEBB4}.Release|Any CPU.Build.0 = Release|Any CPU
		{31300318-4C70-44DA-97F3-F2E22FD9EF6B}.Debug|Any CPU.ActiveCfg = Debug|Any CPU
		{31300318-4C70-44DA-97F3-F2E22FD9EF6B}.Debug|Any CPU.Build.0 = Debug|Any CPU
		{31300318-4C70-44DA-97F3-F2E22FD9EF6B}.Release|Any CPU.ActiveCfg = Release|Any CPU
		{31300318-4C70-44DA-97F3-F2E22FD9EF6B}.Release|Any CPU.Build.0 = Release|Any CPU
		{2D12A329-27F5-459C-9C88-6309CF376BE4}.Debug|Any CPU.ActiveCfg = Debug|Any CPU
		{2D12A329-27F5-459C-9C88-6309CF376BE4}.Debug|Any CPU.Build.0 = Debug|Any CPU
		{2D12A329-27F5-459C-9C88-6309CF376BE4}.Release|Any CPU.ActiveCfg = Release|Any CPU
		{2D12A329-27F5-459C-9C88-6309CF376BE4}.Release|Any CPU.Build.0 = Release|Any CPU
	EndGlobalSection
	GlobalSection(SolutionProperties) = preSolution
		HideSolutionNode = FALSE
	EndGlobalSection
	GlobalSection(ExtensibilityGlobals) = postSolution
		SolutionGuid = {C8C5F696-817E-4719-9B9E-7D27A84429AB}
	EndGlobalSection
EndGlobal
